{
  "nodes": {
    "ciel": {
      "inputs": {
        "nix-eda": [
          "librelane",
          "nix-eda"
        ]
      },
      "locked": {
        "lastModified": 1764091696,
        "narHash": "sha256-AWbkHL0zO3tD0mE3dZIcj8mVND7o3imTxOpEfOtlRDI=",
        "owner": "fossi-foundation",
        "repo": "ciel",
        "rev": "afcb23d368614ffa1e7e96584ed33f839c71c576",
        "type": "github"
      },
      "original": {
        "owner": "fossi-foundation",
        "repo": "ciel",
        "type": "github"
      }
    },
    "devshell": {
      "inputs": {
        "nixpkgs": [
          "librelane",
          "nix-eda",
          "nixpkgs"
        ]
      },
      "locked": {
        "lastModified": 1768818222,
        "narHash": "sha256-460jc0+CZfyaO8+w8JNtlClB2n4ui1RbHfPTLkpwhU8=",
        "owner": "numtide",
        "repo": "devshell",
        "rev": "255a2b1725a20d060f566e4755dbf571bbbb5f76",
        "type": "github"
      },
      "original": {
        "owner": "numtide",
        "repo": "devshell",
        "type": "github"
      }
    },
    "flake-compat": {
      "locked": {
        "lastModified": 1733328505,
        "narHash": "sha256-NeCCThCEP3eCl2l/+27kNNK7QrwZB1IJCrXfrbv5oqU=",
        "rev": "ff81ac966bb2cae68946d5ed5fc4994f96d0ffec",
        "revCount": 69,
        "type": "tarball",
        "url": "https://api.flakehub.com/f/pinned/edolstra/flake-compat/1.1.0/01948eb7-9cba-704f-bbf3-3fa956735b52/source.tar.gz"
      },
      "original": {
        "type": "tarball",
        "url": "https://flakehub.com/f/edolstra/flake-compat/1.tar.gz"
      }
    },
    "flake-compat_2": {
      "flake": false,
      "locked": {
        "lastModified": 1747046372,
        "narHash": "sha256-CIVLLkVgvHYbgI2UpXvIIBJ12HWgX+fjA8Xf8PUmqCY=",
        "owner": "edolstra",
        "repo": "flake-compat",
        "rev": "9100a0f413b0c601e0533d1d94ffd501ce2e7885",
        "type": "github"
      },
      "original": {
        "owner": "edolstra",
        "repo": "flake-compat",
        "type": "github"
      }
    },
    "flake-utils": {
      "inputs": {
        "systems": "systems"
      },
      "locked": {
        "lastModified": 1731533236,
        "narHash": "sha256-l0KFg5HjrsfsO/JpG+r7fRrqm12kzFHyUHqHCVpMMbI=",
        "owner": "numtide",
        "repo": "flake-utils",
        "rev": "11707dc2f618dd54ca8739b309ec4fc024de578b",
        "type": "github"
      },
      "original": {
        "owner": "numtide",
        "repo": "flake-utils",
        "type": "github"
      }
    },
    "ihp-open-pdk": {
      "flake": false,
      "locked": {
        "lastModified": 1789969263,
        "narHash": "sha256-+xgNXZh5kTukj+aYOy9rYgPCntJWWB8CB2pDJYEtgHA=",
        "ref": "dev",
        "rev": "7a6e2faa8d33759e4f63cf6225dc2e61d4cff8b1",
        "revCount": 2514,
        "submodules": true,
        "type": "git",
        "url": "https://github.com/IHP-GmbH/IHP-Open-PDK.git"
      },
      "original": {
        "ref": "dev",
        "submodules": true,
        "type": "git",
        "url": "https://github.com/IHP-GmbH/IHP-Open-PDK.git"
      }
    },
    "librelane": {
      "inputs": {
        "ciel": "ciel",
        "devshell": "devshell",
        "flake-compat": "flake-compat",
        "nix-eda": "nix-eda"
      },
      "locked": {
        "lastModified": 1788709730,
        "narHash": "sha256-WWrVSKg5+OID7yfPHOh6gZJQ9BYME8me4f6AtKm4PeU=",
        "owner": "librelane",
        "repo": "librelane",
        "rev": "f24e0ea5db2260719e9a0c7d51d07db74a87fa23",
        "type": "github"
      },
      "original": {
        "owner": "librelane",
        "ref": "3.0.14",
        "repo": "librelane",
        "type": "github"
      }
    },
    "mirage-opam-overlays": {
      "flake": false,
      "locked": {
        "lastModified": 1710922379,
        "narHash": "sha256-j4QREQDUf8oHOX7qg6wAOupgsNQoYlufxoPrgagD+pY=",
        "owner": "dune-universe",
        "repo": "mirage-opam-overlays",
        "rev": "797cb363df3ff763c43c8fbec5cd44de2878757e",
        "type": "github"
      },
      "original": {
        "owner": "dune-universe",
        "repo": "mirage-opam-overlays",
        "type": "github"
      }
    },
    "nix-eda": {
      "inputs": {
        "nixpkgs": "nixpkgs"
      },
      "locked": {
        "lastModified": 1773918136,
        "narHash": "sha256-nSKBMGP8/ZC7qB3Lzd+FwM8REqOxlh8wpYDf2hlK6Gg=",
        "owner": "fossi-foundation",
        "repo": "nix-eda",
        "rev": "8f990fb77529c09e540e453cd836af9930ec58db",
        "type": "github"
      },
      "original": {
        "owner": "fossi-foundation",
        "ref": "6.11.0",
        "repo": "nix-eda",
        "type": "github"
      }
    },
    "nixpkgs": {
      "locked": {
        "lastModified": 1766201043,
        "narHash": "sha256-eplAP+rorKKd0gNjV3rA6+0WMzb1X1i16F5m5pASnjA=",
        "owner": "nixos",
        "repo": "nixpkgs",
        "rev": "b3aad468604d3e488d627c0b43984eb60e75e782",
        "type": "github"
      },
      "original": {
        "owner": "nixos",
        "ref": "nixos-25.11",
        "repo": "nixpkgs",
        "type": "github"
      }
    },
    "nixpkgs-llvm17": {
      "locked": {
        "lastModified": 1723734425,
        "narHash": "sha256-GwSfzmTMpM+gAJHURHNRle6AX9nhhdZnC41tC4AkvO8=",
        "owner": "nixos",
        "repo": "nixpkgs",
        "rev": "35e0ed8d1875d2303fab9930c6eb205654a2f6a3",
        "type": "github"
      },
      "original": {
        "owner": "nixos",
        "repo": "nixpkgs",
        "rev": "35e0ed8d1875d2303fab9930c6eb205654a2f6a3",
        "type": "github"
      }
    },
    "nixpkgs-python38": {
      "locked": {
        "lastModified": 1708815994,
        "narHash": "sha256-hL7N/ut2Xu0NaDxDMsw2HagAjgDskToGiyZOWriiLYM=",
        "owner": "nixos",
        "repo": "nixpkgs",
        "rev": "9a9dae8f6319600fa9aebde37f340975cab4b8c0",
        "type": "github"
      },
      "original": {
        "owner": "nixos",
        "repo": "nixpkgs",
        "rev": "9a9dae8f6319600fa9aebde37f340975cab4b8c0",
        "type": "github"
      }
    },
    "nixpkgs-python39": {
      "locked": {
        "lastModified": 1743938762,
        "narHash": "sha256-UgFYn8sGv9B8PoFpUfCa43CjMZBl1x/ShQhRDHBFQdI=",
        "owner": "nixos",
        "repo": "nixpkgs",
        "rev": "74a40410369a1c35ee09b8a1abee6f4acbedc059",
        "type": "github"
      },
      "original": {
        "owner": "nixos",
        "repo": "nixpkgs",
        "rev": "74a40410369a1c35ee09b8a1abee6f4acbedc059",
        "type": "github"
      }
    },
    "opam-nix": {
      "inputs": {
        "flake-compat": "flake-compat_2",
        "flake-utils": "flake-utils",
        "mirage-opam-overlays": "mirage-opam-overlays",
        "nixpkgs": [
          "nixpkgs"
        ],
        "nixpkgs-llvm17": "nixpkgs-llvm17",
        "nixpkgs-python38": "nixpkgs-python38",
        "nixpkgs-python39": "nixpkgs-python39",
        "opam-overlays": "opam-overlays",
        "opam-repository": "opam-repository",
        "opam2json": "opam2json"
      },
      "locked": {
        "lastModified": 1785091959,
        "narHash": "sha256-lY9ceaXFru4OWlp6wyJTYaJbXyB4yPvmAOgHiI73pDI=",
        "owner": "tweag",
        "repo": "opam-nix",
        "rev": "edd1b7bc8574f2242b759b0c4def186af2ab4a70",
        "type": "github"
      },
      "original": {
        "owner": "tweag",
        "repo": "opam-nix",
        "type": "github"
      }
    },
    "opam-overlays": {
      "flake": false,
      "locked": {
        "lastModified": 1741116009,
        "narHash": "sha256-Z0PIW82fHJFvAv/JYpAffnp2DaOjLhsPutqyIrORZd0=",
        "owner": "dune-universe",
        "repo": "opam-overlays",
        "rev": "e031bb64e33bf93be963e9a38b28962e6e14381f",
        "type": "github"
      },
      "original": {
        "owner": "dune-universe",
        "repo": "opam-overlays",
        "type": "github"
      }
    },
    "opam-repository": {
      "flake": false,
      "locked": {
        "lastModified": 1774793755,
        "narHash": "sha256-NVrUApdEFQWDTKX+tnOxMpZH6W79d8CHMHhXy6h44Ug=",
        "owner": "ocaml",
        "repo": "opam-repository",
        "rev": "747f3dca281b5ae6275dfa41069f059ae517126f",
        "type": "github"
      },
      "original": {
        "owner": "ocaml",
        "repo": "opam-repository",
        "type": "github"
      }
    },
    "opam2json": {
      "inputs": {
        "nixpkgs": [
          "opam-nix",
          "nixpkgs"
        ],
        "systems": "systems_2"
      },
      "locked": {
        "lastModified": 1782276984,
        "narHash": "sha256-rBGN9TERADPXiehNe1/9emO6QqYPrTwSoMdB+BVEWpM=",
        "owner": "tweag",
        "repo": "opam2json",
        "rev": "88b2a71f6e2df38d3304d3900ee129f4e83048f8",
        "type": "github"
      },
      "original": {
        "owner": "tweag",
        "repo": "opam2json",
        "type": "github"
      }
    },
    "root": {
      "inputs": {
        "ihp-open-pdk": "ihp-open-pdk",
        "librelane": "librelane",
        "nixpkgs": [
          "librelane",
          "nix-eda",
          "nixpkgs"
        ],
        "opam-nix": "opam-nix",
        "tt-support-tools": "tt-support-tools"
      }
    },
    "systems": {
      "locked": {
        "lastModified": 1681028828,
        "narHash": "sha256-Vy1rq5AaRuLzOxct8nz4T6wlgyUR7zLU309k9mBC768=",
        "owner": "nix-systems",
        "repo": "default",
        "rev": "da67096a3b9bf56a91d16901293e51ba5b49a27e",
        "type": "github"
      },
      "original": {
        "owner": "nix-systems",
        "repo": "default",
        "type": "github"
      }
    },
    "systems_2": {
      "locked": {
        "lastModified": 1681028828,
        "narHash": "sha256-Vy1rq5AaRuLzOxct8nz4T6wlgyUR7zLU309k9mBC768=",
        "owner": "nix-systems",
        "repo": "default",
        "rev": "da67096a3b9bf56a91d16901293e51ba5b49a27e",
        "type": "github"
      },
      "original": {
        "owner": "nix-systems",
        "repo": "default",
        "type": "github"
      }
    },
    "tt-support-tools": {
      "flake": false,
      "locked": {
        "lastModified": 1789670163,
        "narHash": "sha256-ORe6j3TTQoLAriBYkOhCVnfm8BkbW13UbD+9G2comBo=",
        "ref": "ihp-sg13cmos5l",
        "rev": "f6bf5c587fba4a4a8abd4c0a03234fccfbf6e61e",
        "revCount": 476,
        "submodules": true,
        "type": "git",
        "url": "https://github.com/TinyTapeout/tt-support-tools.git"
      },
      "original": {
        "ref": "ihp-sg13cmos5l",
        "submodules": true,
        "type": "git",
        "url": "https://github.com/TinyTapeout/tt-support-tools.git"
      }
    }
  },
  "root": "root",
  "version": 7
}
